%{
  "earmark": {:hex, :earmark, "1.1.0", "8c2bf85d725050a92042bc1edf362621004d43ca6241c756f39612084e95487f", [:mix], [], "hexpm", "15e3a816bdc53d12f258ea59d0c1fae9a37da2e70a0cb486edad687f65a36f66"},
  "ex_doc": {:hex, :ex_doc, "0.14.5", "c0433c8117e948404d93ca69411dd575ec6be39b47802e81ca8d91017a0cf83c", [:mix], [{:earmark, "~> 1.0", [hex: :earmark, repo: "hexpm", optional: false]}], "hexpm", "5c30e436a5acfdc2fd8fe6866585fcaf30f434c611d8119d4f3390ced2a550f3"},
  "jsx": {:hex, :jsx, "2.11.0", "08154624050333919b4ac1b789667d5f4db166dc50e190c4d778d1587f102ee0", [:rebar3], [], "hexpm", "eed26a0d04d217f9eecefffb89714452556cf90eb38f290a27a4d45b9988f8c0"},
}
